
Microsoft Visual Studio Solution File, Format Version 12.00
# Visual Studio Version 16
VisualStudioVersion = 16.0.29424.173
MinimumVisualStudioVersion = 10.0.40219.1
Project("{9A19103F-16F7-4668-BE54-9A1E7A4F7556}") = "BIT.XpoExtender.Module", "BIT.MetadataBuilder.Module\BIT.XpoExtender.Module.csproj", "{5F15837D-D1E5-44DC-92F0-4F2EBE9C3F8D}"
EndProject
Project("{9A19103F-16F7-4668-BE54-9A1E7A4F7556}") = "BIT.XpoExtender.Module.Web", "BIT.MetadataBuilder.Module.Web\BIT.XpoExtender.Module.Web.csproj", "{0C729AAD-7626-4668-A7F1-35F7D240489D}"
EndProject
Project("{FAE04EC0-301F-11D3-BF4B-00C04F79EFBC}") = "BIT.XpoExtender.Web", "BIT.MetadataBuilder.Web\BIT.XpoExtender.Web.csproj", "{82A6DBC9-B1B4-44E4-9718-55DF930CD349}"
EndProject
Project("{9A19103F-16F7-4668-BE54-9A1E7A4F7556}") = "BIT.XpoExtender.Module.Win", "BIT.MetadataBuilder.Module.Win\BIT.XpoExtender.Module.Win.csproj", "{7964F87D-BC5D-4C4E-8B2F-71E89739AA97}"
EndProject
Project("{9A19103F-16F7-4668-BE54-9A1E7A4F7556}") = "BIT.XpoExtender.Win", "BIT.MetadataBuilder.Win\BIT.XpoExtender.Win.csproj", "{D05D93DF-312D-4D4E-B980-726871EC7833}"
EndProject
Project("{2150E333-8FDC-42A3-9474-1A3956D46DE8}") = "BackEnd", "BackEnd", "{5A88455F-F162-438F-BB9D-14F2F70DF69F}"
EndProject
Project("{2150E333-8FDC-42A3-9474-1A3956D46DE8}") = "SampleApp", "SampleApp", "{D114784C-5735-4383-984C-CFEA4F748F03}"
EndProject
Project("{9A19103F-16F7-4668-BE54-9A1E7A4F7556}") = "SampleApp.Module", "SampleApp.Module\SampleApp.Module.csproj", "{D3894733-B930-4AF1-BB24-484E0179AD88}"
EndProject
Project("{9A19103F-16F7-4668-BE54-9A1E7A4F7556}") = "SampleApp.Module.Web", "SampleApp.Module.Web\SampleApp.Module.Web.csproj", "{7F2C25EE-E317-4993-875B-A13492BF5B4C}"
EndProject
Project("{9A19103F-16F7-4668-BE54-9A1E7A4F7556}") = "SampleApp.Module.Win", "SampleApp.Module.Win\SampleApp.Module.Win.csproj", "{A9D57419-EA12-4414-8A3A-C6AF444BD43B}"
EndProject
Project("{FAE04EC0-301F-11D3-BF4B-00C04F79EFBC}") = "SampleApp.Web", "SampleApp.Web\SampleApp.Web.csproj", "{2CEACDB5-0D89-479B-88E8-A6DED3F03E9A}"
EndProject
Project("{9A19103F-16F7-4668-BE54-9A1E7A4F7556}") = "SampleApp.Win", "SampleApp.Win\SampleApp.Win.csproj", "{A8F29715-B54B-47A3-8F40-BA878983BC91}"
EndProject
Project("{2150E333-8FDC-42A3-9474-1A3956D46DE8}") = "Solution Items", "Solution Items", "{1650C81C-8641-4B5E-9123-D62E3AA7CE2E}"
	ProjectSection(SolutionItems) = preProject
		Directory.Build.props = Directory.Build.props
	EndProjectSection
EndProject
Global
	GlobalSection(SolutionConfigurationPlatforms) = preSolution
		Debug|Any CPU = Debug|Any CPU
		EasyTest|Any CPU = EasyTest|Any CPU
		Release|Any CPU = Release|Any CPU
	EndGlobalSection
	GlobalSection(ProjectConfigurationPlatforms) = postSolution
		{5F15837D-D1E5-44DC-92F0-4F2EBE9C3F8D}.Debug|Any CPU.ActiveCfg = Debug|Any CPU
		{5F15837D-D1E5-44DC-92F0-4F2EBE9C3F8D}.Debug|Any CPU.Build.0 = Debug|Any CPU
		{5F15837D-D1E5-44DC-92F0-4F2EBE9C3F8D}.EasyTest|Any CPU.ActiveCfg = Release|Any CPU
		{5F15837D-D1E5-44DC-92F0-4F2EBE9C3F8D}.EasyTest|Any CPU.Build.0 = Release|Any CPU
		{5F15837D-D1E5-44DC-92F0-4F2EBE9C3F8D}.Release|Any CPU.ActiveCfg = Release|Any CPU
		{5F15837D-D1E5-44DC-92F0-4F2EBE9C3F8D}.Release|Any CPU.Build.0 = Release|Any CPU
		{0C729AAD-7626-4668-A7F1-35F7D240489D}.Debug|Any CPU.ActiveCfg = Debug|Any CPU
		{0C729AAD-7626-4668-A7F1-35F7D240489D}.Debug|Any CPU.Build.0 = Debug|Any CPU
		{0C729AAD-7626-4668-A7F1-35F7D240489D}.EasyTest|Any CPU.ActiveCfg = Release|Any CPU
		{0C729AAD-7626-4668-A7F1-35F7D240489D}.EasyTest|Any CPU.Build.0 = Release|Any CPU
		{0C729AAD-7626-4668-A7F1-35F7D240489D}.Release|Any CPU.ActiveCfg = Release|Any CPU
		{0C729AAD-7626-4668-A7F1-35F7D240489D}.Release|Any CPU.Build.0 = Release|Any CPU
		{82A6DBC9-B1B4-44E4-9718-55DF930CD349}.Debug|Any CPU.ActiveCfg = Debug|Any CPU
		{82A6DBC9-B1B4-44E4-9718-55DF930CD349}.Debug|Any CPU.Build.0 = Debug|Any CPU
		{82A6DBC9-B1B4-44E4-9718-55DF930CD349}.EasyTest|Any CPU.ActiveCfg = EasyTest|Any CPU
		{82A6DBC9-B1B4-44E4-9718-55DF930CD349}.EasyTest|Any CPU.Build.0 = EasyTest|Any CPU
		{82A6DBC9-B1B4-44E4-9718-55DF930CD349}.Release|Any CPU.ActiveCfg = Release|Any CPU
		{82A6DBC9-B1B4-44E4-9718-55DF930CD349}.Release|Any CPU.Build.0 = Release|Any CPU
		{7964F87D-BC5D-4C4E-8B2F-71E89739AA97}.Debug|Any CPU.ActiveCfg = Debug|Any CPU
		{7964F87D-BC5D-4C4E-8B2F-71E89739AA97}.Debug|Any CPU.Build.0 = Debug|Any CPU
		{7964F87D-BC5D-4C4E-8B2F-71E89739AA97}.EasyTest|Any CPU.ActiveCfg = Release|Any CPU
		{7964F87D-BC5D-4C4E-8B2F-71E89739AA97}.EasyTest|Any CPU.Build.0 = Release|Any CPU
		{7964F87D-BC5D-4C4E-8B2F-71E89739AA97}.Release|Any CPU.ActiveCfg = Release|Any CPU
		{7964F87D-BC5D-4C4E-8B2F-71E89739AA97}.Release|Any CPU.Build.0 = Release|Any CPU
		{D05D93DF-312D-4D4E-B980-726871EC7833}.Debug|Any CPU.ActiveCfg = Debug|Any CPU
		{D05D93DF-312D-4D4E-B980-726871EC7833}.Debug|Any CPU.Build.0 = Debug|Any CPU
		{D05D93DF-312D-4D4E-B980-726871EC7833}.EasyTest|Any CPU.ActiveCfg = Release|Any CPU
		{D05D93DF-312D-4D4E-B980-726871EC7833}.EasyTest|Any CPU.Build.0 = Release|Any CPU
		{D05D93DF-312D-4D4E-B980-726871EC7833}.Release|Any CPU.ActiveCfg = Release|Any CPU
		{D05D93DF-312D-4D4E-B980-726871EC7833}.Release|Any CPU.Build.0 = Release|Any CPU
		{D3894733-B930-4AF1-BB24-484E0179AD88}.Debug|Any CPU.ActiveCfg = Debug|Any CPU
		{D3894733-B930-4AF1-BB24-484E0179AD88}.Debug|Any CPU.Build.0 = Debug|Any CPU
		{D3894733-B930-4AF1-BB24-484E0179AD88}.EasyTest|Any CPU.ActiveCfg = EasyTest|Any CPU
		{D3894733-B930-4AF1-BB24-484E0179AD88}.EasyTest|Any CPU.Build.0 = EasyTest|Any CPU
		{D3894733-B930-4AF1-BB24-484E0179AD88}.Release|Any CPU.ActiveCfg = Release|Any CPU
		{D3894733-B930-4AF1-BB24-484E0179AD88}.Release|Any CPU.Build.0 = Release|Any CPU
		{7F2C25EE-E317-4993-875B-A13492BF5B4C}.Debug|Any CPU.ActiveCfg = Debug|Any CPU
		{7F2C25EE-E317-4993-875B-A13492BF5B4C}.Debug|Any CPU.Build.0 = Debug|Any CPU
		{7F2C25EE-E317-4993-875B-A13492BF5B4C}.EasyTest|Any CPU.ActiveCfg = EasyTest|Any CPU
		{7F2C25EE-E317-4993-875B-A13492BF5B4C}.EasyTest|Any CPU.Build.0 = EasyTest|Any CPU
		{7F2C25EE-E317-4993-875B-A13492BF5B4C}.Release|Any CPU.ActiveCfg = Release|Any CPU
		{7F2C25EE-E317-4993-875B-A13492BF5B4C}.Release|Any CPU.Build.0 = Release|Any CPU
		{A9D57419-EA12-4414-8A3A-C6AF444BD43B}.Debug|Any CPU.ActiveCfg = Debug|Any CPU
		{A9D57419-EA12-4414-8A3A-C6AF444BD43B}.Debug|Any CPU.Build.0 = Debug|Any CPU
		{A9D57419-EA12-4414-8A3A-C6AF444BD43B}.EasyTest|Any CPU.ActiveCfg = EasyTest|Any CPU
		{A9D57419-EA12-4414-8A3A-C6AF444BD43B}.EasyTest|Any CPU.Build.0 = EasyTest|Any CPU
		{A9D57419-EA12-4414-8A3A-C6AF444BD43B}.Release|Any CPU.ActiveCfg = Release|Any CPU
		{A9D57419-EA12-4414-8A3A-C6AF444BD43B}.Release|Any CPU.Build.0 = Release|Any CPU
		{2CEACDB5-0D89-479B-88E8-A6DED3F03E9A}.Debug|Any CPU.ActiveCfg = Debug|Any CPU
		{2CEACDB5-0D89-479B-88E8-A6DED3F03E9A}.Debug|Any CPU.Build.0 = Debug|Any CPU
		{2CEACDB5-0D89-479B-88E8-A6DED3F03E9A}.EasyTest|Any CPU.ActiveCfg = EasyTest|Any CPU
		{2CEACDB5-0D89-479B-88E8-A6DED3F03E9A}.EasyTest|Any CPU.Build.0 = EasyTest|Any CPU
		{2CEACDB5-0D89-479B-88E8-A6DED3F03E9A}.Release|Any CPU.ActiveCfg = Release|Any CPU
		{2CEACDB5-0D89-479B-88E8-A6DED3F03E9A}.Release|Any CPU.Build.0 = Release|Any CPU
		{A8F29715-B54B-47A3-8F40-BA878983BC91}.Debug|Any CPU.ActiveCfg = Debug|Any CPU
		{A8F29715-B54B-47A3-8F40-BA878983BC91}.Debug|Any CPU.Build.0 = Debug|Any CPU
		{A8F29715-B54B-47A3-8F40-BA878983BC91}.EasyTest|Any CPU.ActiveCfg = Debug|Any CPU
		{A8F29715-B54B-47A3-8F40-BA878983BC91}.EasyTest|Any CPU.Build.0 = Debug|Any CPU
		{A8F29715-B54B-47A3-8F40-BA878983BC91}.Release|Any CPU.ActiveCfg = Release|Any CPU
		{A8F29715-B54B-47A3-8F40-BA878983BC91}.Release|Any CPU.Build.0 = Release|Any CPU
	EndGlobalSection
	GlobalSection(SolutionProperties) = preSolution
		HideSolutionNode = FALSE
	EndGlobalSection
	GlobalSection(NestedProjects) = preSolution
		{5F15837D-D1E5-44DC-92F0-4F2EBE9C3F8D} = {5A88455F-F162-438F-BB9D-14F2F70DF69F}
		{0C729AAD-7626-4668-A7F1-35F7D240489D} = {5A88455F-F162-438F-BB9D-14F2F70DF69F}
		{82A6DBC9-B1B4-44E4-9718-55DF930CD349} = {5A88455F-F162-438F-BB9D-14F2F70DF69F}
		{7964F87D-BC5D-4C4E-8B2F-71E89739AA97} = {5A88455F-F162-438F-BB9D-14F2F70DF69F}
		{D05D93DF-312D-4D4E-B980-726871EC7833} = {5A88455F-F162-438F-BB9D-14F2F70DF69F}
		{D3894733-B930-4AF1-BB24-484E0179AD88} = {D114784C-5735-4383-984C-CFEA4F748F03}
		{7F2C25EE-E317-4993-875B-A13492BF5B4C} = {D114784C-5735-4383-984C-CFEA4F748F03}
		{A9D57419-EA12-4414-8A3A-C6AF444BD43B} = {D114784C-5735-4383-984C-CFEA4F748F03}
		{2CEACDB5-0D89-479B-88E8-A6DED3F03E9A} = {D114784C-5735-4383-984C-CFEA4F748F03}
		{A8F29715-B54B-47A3-8F40-BA878983BC91} = {D114784C-5735-4383-984C-CFEA4F748F03}
	EndGlobalSection
	GlobalSection(ExtensibilityGlobals) = postSolution
		SolutionGuid = {D0C3F1E4-2689-45C7-BA15-32E5290E3900}
	EndGlobalSection
EndGlobal
